<?xml version="1.0" encoding="utf-8"?>
<Project ToolsVersion="4.0" xmlns="http://schemas.microsoft.com/developer/msbuild/2003">
  <ItemGroup>
    <Filter Include="Source Files">
      <UniqueIdentifier>{a0339220-2fd6-49fb-9257-f6d7291ca67a}</UniqueIdentifier>
      <Extensions>cpp;c;cxx;rc;def;r;odl;idl;hpj;bat</Extensions>
    </Filter>
    <Filter Include="Header Files">
      <UniqueIdentifier>{a56b56d8-2966-4cbb-a61d-677165c809d7}</UniqueIdentifier>
      <Extensions>h;hpp;hxx;hm;inl</Extensions>
    </Filter>
    <Filter Include="Resource Files">
      <UniqueIdentifier>{99f59532-be1f-4858-b4f7-a57205dcd46d}</UniqueIdentifier>
      <Extensions>ico;cur;bmp;dlg;rc2;rct;bin;cnt;rtf;gif;jpg;jpeg;jpe</Extensions>
    </Filter>
  </ItemGroup>
  <ItemGroup>
    <ClCompile Include="src\cert.cpp">
      <Filter>Source Files</Filter>
    </ClCompile>
    <ClCompile Include="src\certstore.cpp">
      <Filter>Source Files</Filter>
    </ClCompile>
    <ClCompile Include="src\ClientCertInfo.cpp">
      <Filter>Source Files</Filter>
    </ClCompile>
    <ClCompile Include="src\qccertificate.cpp">
      <Filter>Source Files</Filter>
    </ClCompile>
    <ClCompile Include="src\QCSSL.CPP">
      <Filter>Source Files</Filter>
    </ClCompile>
    <ClCompile Include="src\QCSSLContext.cpp">
      <Filter>Source Files</Filter>
    </ClCompile>
    <ClCompile Include="src\qcthread.cpp">
      <Filter>Source Files</Filter>
    </ClCompile>
    <ClCompile Include="src\regexp.cpp">
      <Filter>Source Files</Filter>
    </ClCompile>
    <ClCompile Include="..\GSSupport\secchk.c">
      <Filter>Source Files</Filter>
    </ClCompile>
    <ClCompile Include="..\GSSupport\seccinit.c">
      <Filter>Source Files</Filter>
    </ClCompile>
    <ClCompile Include="..\GSSupport\seccook.c">
      <Filter>Source Files</Filter>
    </ClCompile>
    <ClCompile Include="src\SSLConnectionManager.cpp">
      <Filter>Source Files</Filter>
    </ClCompile>
    <ClCompile Include="src\sslutils.cpp">
      <Filter>Source Files</Filter>
    </ClCompile>
    <ClCompile Include="src\StdAfx.cpp">
      <Filter>Source Files</Filter>
    </ClCompile>
  </ItemGroup>
  <ItemGroup>
    <None Include="src\qcssl.def">
      <Filter>Source Files</Filter>
    </None>
  </ItemGroup>
  <ItemGroup>
    <ResourceCompile Include="src\qcssl.rc">
      <Filter>Source Files</Filter>
    </ResourceCompile>
  </ItemGroup>
  <ItemGroup>
    <ClInclude Include="src\StdAfx.h">
      <Filter>Source Files</Filter>
    </ClInclude>
    <ClInclude Include="inc\cert.h">
      <Filter>Header Files</Filter>
    </ClInclude>
    <ClInclude Include="inc\certstore.h">
      <Filter>Header Files</Filter>
    </ClInclude>
    <ClInclude Include="inc\ClientCertInfo.h">
      <Filter>Header Files</Filter>
    </ClInclude>
    <ClInclude Include="inc\qccertificate.h">
      <Filter>Header Files</Filter>
    </ClInclude>
    <ClInclude Include="public\inc\QCSSL.h">
      <Filter>Header Files</Filter>
    </ClInclude>
    <ClInclude Include="inc\QCSSLContext.h">
      <Filter>Header Files</Filter>
    </ClInclude>
    <ClInclude Include="inc\QCSSLint.h">
      <Filter>Header Files</Filter>
    </ClInclude>
    <ClInclude Include="inc\qcthread.h">
      <Filter>Header Files</Filter>
    </ClInclude>
    <ClInclude Include="inc\regexp.h">
      <Filter>Header Files</Filter>
    </ClInclude>
    <ClInclude Include="inc\SSLConnectionManager.h">
      <Filter>Header Files</Filter>
    </ClInclude>
    <ClInclude Include="inc\sslutils.h">
      <Filter>Header Files</Filter>
    </ClInclude>
  </ItemGroup>
</Project>