<?xml version="1.0" encoding="utf-8"?>
<Project ToolsVersion="4.0" xmlns="http://schemas.microsoft.com/developer/msbuild/2003">
  <ItemGroup>
    <Filter Include="Source Files">
      <UniqueIdentifier>{aa79e8fa-2930-4b23-905b-42f650e111da}</UniqueIdentifier>
      <Extensions>.cpp, .c, .cxx</Extensions>
    </Filter>
    <Filter Include="Header Files">
      <UniqueIdentifier>{e1087dab-b59c-43e8-b089-a79d2c98b986}</UniqueIdentifier>
      <Extensions>.h, .hxx</Extensions>
    </Filter>
  </ItemGroup>
  <ItemGroup>
    <ClCompile Include="src\lang_info.cpp">
      <Filter>Source Files</Filter>
    </ClCompile>
  </ItemGroup>
  <ItemGroup>
    <ClInclude Include="public\inc\EuLang.h">
      <Filter>Header Files</Filter>
    </ClInclude>
  </ItemGroup>
  <ItemGroup>
    <None Include="src\EuLang.def" />
  </ItemGroup>
</Project>